<?xml version="1.0" encoding="utf-8"?>
<Project ToolsVersion="4.0" xmlns="http://schemas.microsoft.com/developer/msbuild/2003">
  <ItemGroup>
    <Filter Include="Source Files">
      <UniqueIdentifier>{4FC737F1-C7A5-4376-A066-2A32D752A2FF}</UniqueIdentifier>
      <Extensions>cpp;c;cc;cxx;c++;cppm;ixx;def;odl;idl;hpj;bat;asm;asmx</Extensions>
    </Filter>
    <Filter Include="Cores">
      <UniqueIdentifier>{c51e16a4-8e52-4c78-9ca5-6ba05fe41106}</UniqueIdentifier>
    </Filter>
    <Filter Include="Cores\Evaluation Policies">
      <UniqueIdentifier>{2a980245-2a5a-4d12-9d7a-f9852e1c3564}</UniqueIdentifier>
    </Filter>
    <Filter Include="Cores\User Interface">
      <UniqueIdentifier>{75df46cc-3214-49be-b83e-3148e1afd82b}</UniqueIdentifier>
    </Filter>
    <Filter Include="Cores\Searching Policies">
      <UniqueIdentifier>{34cb0508-45b5-4fb0-95f8-e987d50fd887}</UniqueIdentifier>
    </Filter>
    <Filter Include="Cores\Data Structures">
      <UniqueIdentifier>{310f616f-ec8f-4004-9d42-424dcb5d7f3e}</UniqueIdentifier>
    </Filter>
    <Filter Include="Cores\TimeControl Policies">
      <UniqueIdentifier>{8420eac7-9598-4f04-964d-2c6fe7786bb8}</UniqueIdentifier>
    </Filter>
    <Filter Include="MLP">
      <UniqueIdentifier>{e8489b59-46d5-44a0-b590-a5b438b57d01}</UniqueIdentifier>
    </Filter>
    <Filter Include="Resources">
      <UniqueIdentifier>{b14b1196-a9ff-4aee-aa02-ee8ad59a0e9a}</UniqueIdentifier>
    </Filter>
  </ItemGroup>
  <ItemGroup>
    <ClCompile Include="main.cpp">
      <Filter>Source Files</Filter>
    </ClCompile>
    <ClCompile Include="uci_protocol.cpp">
      <Filter>Cores\User Interface</Filter>
    </ClCompile>
    <ClCompile Include="boardstate.cpp">
      <Filter>Cores</Filter>
    </ClCompile>
    <ClCompile Include="notation.cpp">
      <Filter>Cores</Filter>
    </ClCompile>
  </ItemGroup>
  <ItemGroup>
    <ClInclude Include="bitboard.h">
      <Filter>Cores</Filter>
    </ClInclude>
    <ClInclude Include="boardstate.h">
      <Filter>Cores</Filter>
    </ClInclude>
    <ClInclude Include="evaluation_policy.h">
      <Filter>Cores\Evaluation Policies</Filter>
    </ClInclude>
    <ClInclude Include="move.h">
      <Filter>Cores</Filter>
    </ClInclude>
    <ClInclude Include="notation.h">
      <Filter>Cores</Filter>
    </ClInclude>
    <ClInclude Include="position_fens.h">
      <Filter>Cores</Filter>
    </ClInclude>
    <ClInclude Include="handcraft_evaluation_policy.h">
      <Filter>Cores\Evaluation Policies</Filter>
    </ClInclude>
    <ClInclude Include="negamax_search_policy.h">
      <Filter>Cores\Searching Policies</Filter>
    </ClInclude>
    <ClInclude Include="board.h">
      <Filter>Cores</Filter>
    </ClInclude>
    <ClInclude Include="terminal_ui.h">
      <Filter>Cores\User Interface</Filter>
    </ClInclude>
    <ClInclude Include="uci_protocol.h">
      <Filter>Cores\User Interface</Filter>
    </ClInclude>
    <ClInclude Include="perft_driver.h">
      <Filter>Source Files</Filter>
    </ClInclude>
    <ClInclude Include="searching_policy.h">
      <Filter>Cores\Searching Policies</Filter>
    </ClInclude>
    <ClInclude Include="small_vec.h">
      <Filter>Cores\Data Structures</Filter>
    </ClInclude>
    <ClInclude Include="transposition_table.h">
      <Filter>Cores\Data Structures</Filter>
    </ClInclude>
    <ClInclude Include="zobrist_hash.h">
      <Filter>Cores\Data Structures</Filter>
    </ClInclude>
    <ClInclude Include="time_control_policy.h">
      <Filter>Cores\TimeControl Policies</Filter>
    </ClInclude>
    <ClInclude Include="equal_percentage_time_control_policy.h">
      <Filter>Cores\TimeControl Policies</Filter>
    </ClInclude>
    <ClInclude Include="mlp_serializer.h">
      <Filter>MLP</Filter>
    </ClInclude>
    <ClInclude Include="matrix.h">
      <Filter>MLP</Filter>
    </ClInclude>
    <ClInclude Include="layer.h">
      <Filter>MLP</Filter>
    </ClInclude>
    <ClInclude Include="nnue.h">
      <Filter>MLP</Filter>
    </ClInclude>
    <ClInclude Include="mlp_math.h">
      <Filter>MLP</Filter>
    </ClInclude>
    <ClInclude Include="mlp_evaluation_policy.h">
      <Filter>Cores\Evaluation Policies</Filter>
    </ClInclude>
  </ItemGroup>
  <ItemGroup>
    <None Include="weights.bin">
      <Filter>Resources</Filter>
    </None>
  </ItemGroup>
  <ItemGroup>
    <ClCompile Include="tablebase.cpp" />
    <ClCompile Include="..\third_party\fathom\tbprobe.c" />
    <ClInclude Include="tablebase.h" />
    <ClInclude Include="build_config.h" />
    <ClInclude Include="search_draw.h" />
  </ItemGroup>
</Project>
